
Microsoft Visual Studio Solution File, Format Version 12.00
# Visual Studio Version 17
VisualStudioVersion = 17.8.34309.116
MinimumVisualStudioVersion = 10.0.40219.1
Project("{2150E333-8FDC-42A3-9474-1A3956D46DE8}") = "src", "src", "{66AAB813-41F7-473D-8A05-4A71F3CA9EC0}"
EndProject
Project("{9A19103F-16F7-4668-BE54-9A1E7A4F7556}") = "Masa.Contrib.StackSdks.Alert", "src\Contrib\Masa.Contrib.StackSdks.Alert\Masa.Contrib.StackSdks.Alert.csproj", "{CDF3C83D-B97F-4A96-B8C4-129F4E69B4A0}"
EndProject
Project("{9A19103F-16F7-4668-BE54-9A1E7A4F7556}") = "Masa.Contrib.StackSdks.Auth", "src\Contrib\Masa.Contrib.StackSdks.Auth\Masa.Contrib.StackSdks.Auth.csproj", "{B2CE41C9-5170-4128-9999-D5FE3D8BC328}"
EndProject
Project("{9A19103F-16F7-4668-BE54-9A1E7A4F7556}") = "Masa.Contrib.StackSdks.Caller", "src\Contrib\Masa.Contrib.StackSdks.Caller\Masa.Contrib.StackSdks.Caller.csproj", "{AE552A8A-67B8-492F-BA49-5CD35FFB770B}"
EndProject
Project("{9A19103F-16F7-4668-BE54-9A1E7A4F7556}") = "Masa.Contrib.StackSdks.Config", "src\Contrib\Masa.Contrib.StackSdks.Config\Masa.Contrib.StackSdks.Config.csproj", "{0FFFF728-C48C-4602-AAE9-BEB1AF098170}"
EndProject
Project("{9A19103F-16F7-4668-BE54-9A1E7A4F7556}") = "Masa.Contrib.StackSdks.Dcc", "src\Contrib\Masa.Contrib.StackSdks.Dcc\Masa.Contrib.StackSdks.Dcc.csproj", "{2A72D97A-2CFF-4C4B-B884-666492413722}"
EndProject
Project("{9A19103F-16F7-4668-BE54-9A1E7A4F7556}") = "Masa.Contrib.StackSdks.Isolation", "src\Contrib\Masa.Contrib.StackSdks.Isolation\Masa.Contrib.StackSdks.Isolation.csproj", "{8805ADB5-B208-4C30-93C6-6AB846E6F354}"
EndProject
Project("{9A19103F-16F7-4668-BE54-9A1E7A4F7556}") = "Masa.Contrib.StackSdks.Mc", "src\Contrib\Masa.Contrib.StackSdks.Mc\Masa.Contrib.StackSdks.Mc.csproj", "{D0EB0A47-CD57-4129-B5EC-ACA9FB4C2860}"
EndProject
Project("{9A19103F-16F7-4668-BE54-9A1E7A4F7556}") = "Masa.Contrib.StackSdks.Middleware", "src\Contrib\Masa.Contrib.StackSdks.Middleware\Masa.Contrib.StackSdks.Middleware.csproj", "{2407B0B3-B14E-4FC3-80F0-F7694E93D777}"
EndProject
Project("{9A19103F-16F7-4668-BE54-9A1E7A4F7556}") = "Masa.Contrib.StackSdks.Pm", "src\Contrib\Masa.Contrib.StackSdks.Pm\Masa.Contrib.StackSdks.Pm.csproj", "{77AE848A-3218-48D0-9204-372ADBD866E7}"
EndProject
Project("{9A19103F-16F7-4668-BE54-9A1E7A4F7556}") = "Masa.Contrib.StackSdks.Scheduler", "src\Contrib\Masa.Contrib.StackSdks.Scheduler\Masa.Contrib.StackSdks.Scheduler.csproj", "{8BC1CBDB-D31D-4DB7-8104-DEB8A15BFF72}"
EndProject
Project("{9A19103F-16F7-4668-BE54-9A1E7A4F7556}") = "Masa.Contrib.StackSdks.Tsc", "src\Contrib\Masa.Contrib.StackSdks.Tsc\Masa.Contrib.StackSdks.Tsc.csproj", "{C432A641-D3B5-45FF-A1C3-CA4BAE863381}"
EndProject
Project("{9A19103F-16F7-4668-BE54-9A1E7A4F7556}") = "Masa.Contrib.StackSdks.Tsc.OpenTelemetry", "src\Contrib\Masa.Contrib.StackSdks.Tsc.OpenTelemetry\Masa.Contrib.StackSdks.Tsc.OpenTelemetry.csproj", "{9C5E5EE9-0164-4D07-93D1-184868AAF1AB}"
EndProject
Project("{2150E333-8FDC-42A3-9474-1A3956D46DE8}") = "Tests", "Tests", "{E9F8566C-353D-4B97-98AE-ED0A0D3D00DF}"
EndProject
Project("{9A19103F-16F7-4668-BE54-9A1E7A4F7556}") = "Masa.Contrib.StackSdks.Alert.Tests", "src\Contrib\Tests\Masa.Contrib.StackSdks.Alert.Tests\Masa.Contrib.StackSdks.Alert.Tests.csproj", "{09A8C2D1-CFCA-4F7D-B893-EDED9BDA0CC6}"
EndProject
Project("{9A19103F-16F7-4668-BE54-9A1E7A4F7556}") = "Masa.Contrib.StackSdks.Auth.Tests", "src\Contrib\Tests\Masa.Contrib.StackSdks.Auth.Tests\Masa.Contrib.StackSdks.Auth.Tests.csproj", "{E3B8A8B5-718E-4B89-A6DF-2ED03286A448}"
EndProject
Project("{9A19103F-16F7-4668-BE54-9A1E7A4F7556}") = "Masa.Contrib.StackSdks.Config.Tests", "src\Contrib\Tests\Masa.Contrib.StackSdks.Config.Tests\Masa.Contrib.StackSdks.Config.Tests.csproj", "{3564B975-BF7D-4B0D-A7DB-81EE6870DEB6}"
EndProject
Project("{9A19103F-16F7-4668-BE54-9A1E7A4F7556}") = "Masa.Contrib.StackSdks.Middleware.Tests", "src\Contrib\Tests\Masa.Contrib.StackSdks.Middleware.Tests\Masa.Contrib.StackSdks.Middleware.Tests.csproj", "{ABD40E12-8CCA-4B04-A896-37827E4501BA}"
EndProject
Project("{9A19103F-16F7-4668-BE54-9A1E7A4F7556}") = "Masa.Contrib.StackSdks.Scheduler.Tests", "src\Contrib\Tests\Masa.Contrib.StackSdks.Scheduler.Tests\Masa.Contrib.StackSdks.Scheduler.Tests.csproj", "{127EB4C5-7E70-4576-A4FB-707B13D5B8DC}"
EndProject
Project("{9A19103F-16F7-4668-BE54-9A1E7A4F7556}") = "Masa.Contrib.StackSdks.Tsc.OpenTelemetry.Tests", "src\Contrib\Tests\Masa.Contrib.StackSdks.Tsc.OpenTelemetry.Tests\Masa.Contrib.StackSdks.Tsc.OpenTelemetry.Tests.csproj", "{D4E6F50A-75C5-47DE-9E08-A67C821E2336}"
EndProject
Project("{9A19103F-16F7-4668-BE54-9A1E7A4F7556}") = "Masa.Contrib.StackSdks.Tsc.Tests", "src\Contrib\Tests\Masa.Contrib.StackSdks.Tsc.Test\Masa.Contrib.StackSdks.Tsc.Tests.csproj", "{3B68B458-E274-42EB-9EE8-5FDCF8015051}"
EndProject
Project("{2150E333-8FDC-42A3-9474-1A3956D46DE8}") = "BuildingBlocks", "BuildingBlocks", "{CF02987E-1244-4597-9B0D-0971BF9833B2}"
EndProject
Project("{2150E333-8FDC-42A3-9474-1A3956D46DE8}") = "Contrib", "Contrib", "{D0B4748D-C710-4311-A491-45C03136F375}"
EndProject
Project("{9A19103F-16F7-4668-BE54-9A1E7A4F7556}") = "Masa.BuildingBlocks.StackSdks.Scheduler", "src\BuildingBlocks\Masa.BuildingBlocks.StackSdks.Scheduler\Masa.BuildingBlocks.StackSdks.Scheduler.csproj", "{20CC881F-C966-414B-B1AC-4D3F2F20B514}"
EndProject
Project("{9A19103F-16F7-4668-BE54-9A1E7A4F7556}") = "Masa.BuildingBlocks.StackSdks.Pm", "src\BuildingBlocks\Masa.BuildingBlocks.StackSdks.Pm\Masa.BuildingBlocks.StackSdks.Pm.csproj", "{F83D3146-535F-443C-8EB5-654889642E8B}"
EndProject
Project("{9A19103F-16F7-4668-BE54-9A1E7A4F7556}") = "Masa.BuildingBlocks.StackSdks.Middleware", "src\BuildingBlocks\Masa.BuildingBlocks.StackSdks.Middleware\Masa.BuildingBlocks.StackSdks.Middleware.csproj", "{6199BAEB-E65A-4252-AE97-B4C3BC26308A}"
EndProject
Project("{9A19103F-16F7-4668-BE54-9A1E7A4F7556}") = "Masa.BuildingBlocks.StackSdks.Mc", "src\BuildingBlocks\Masa.BuildingBlocks.StackSdks.Mc\Masa.BuildingBlocks.StackSdks.Mc.csproj", "{91FBAE48-A423-48AA-BB85-8BAF0950788A}"
EndProject
Project("{9A19103F-16F7-4668-BE54-9A1E7A4F7556}") = "Masa.BuildingBlocks.StackSdks.Isolation", "src\BuildingBlocks\Masa.BuildingBlocks.StackSdks.Isolation\Masa.BuildingBlocks.StackSdks.Isolation.csproj", "{2595401A-A372-419F-AFE2-588487286F5F}"
EndProject
Project("{9A19103F-16F7-4668-BE54-9A1E7A4F7556}") = "Masa.BuildingBlocks.StackSdks.Config", "src\BuildingBlocks\Masa.BuildingBlocks.StackSdks.Config\Masa.BuildingBlocks.StackSdks.Config.csproj", "{3358DAB2-1250-4884-B725-73F0A88D495D}"
EndProject
Project("{9A19103F-16F7-4668-BE54-9A1E7A4F7556}") = "Masa.BuildingBlocks.StackSdks.Alert", "src\BuildingBlocks\Masa.BuildingBlocks.StackSdks.Alert\Masa.BuildingBlocks.StackSdks.Alert.csproj", "{CAEBFEB5-AFAE-40AA-99E3-F1D93936DFA3}"
EndProject
Project("{2150E333-8FDC-42A3-9474-1A3956D46DE8}") = "Auth", "Auth", "{0DA9F930-BFCA-4571-96CB-30FB8BDBF63B}"
EndProject
Project("{2150E333-8FDC-42A3-9474-1A3956D46DE8}") = "Dcc", "Dcc", "{52EF4D22-85C6-4943-A3ED-C6BA669B5D55}"
EndProject
Project("{9A19103F-16F7-4668-BE54-9A1E7A4F7556}") = "Masa.BuildingBlocks.StackSdks.Auth", "src\BuildingBlocks\Auth\Masa.BuildingBlocks.StackSdks.Auth\Masa.BuildingBlocks.StackSdks.Auth.csproj", "{D187FCE9-3C04-4CFF-BB7C-ECADB8E490F9}"
EndProject
Project("{9A19103F-16F7-4668-BE54-9A1E7A4F7556}") = "Masa.BuildingBlocks.StackSdks.Auth.Contracts", "src\BuildingBlocks\Auth\Masa.BuildingBlocks.StackSdks.Auth.Contracts\Masa.BuildingBlocks.StackSdks.Auth.Contracts.csproj", "{57E06FB9-07CE-48A4-84B9-3954EA0135FC}"
EndProject
Project("{9A19103F-16F7-4668-BE54-9A1E7A4F7556}") = "Masa.BuildingBlocks.StackSdks.Dcc", "src\BuildingBlocks\Dcc\Masa.BuildingBlocks.StackSdks.Dcc\Masa.BuildingBlocks.StackSdks.Dcc.csproj", "{8719A687-1730-4AC8-A8B2-4849CD148743}"
EndProject
Project("{9A19103F-16F7-4668-BE54-9A1E7A4F7556}") = "Masa.BuildingBlocks.StackSdks.Dcc.Contracts", "src\BuildingBlocks\Dcc\Masa.BuildingBlocks.StackSdks.Dcc.Contracts\Masa.BuildingBlocks.StackSdks.Dcc.Contracts.csproj", "{2931EDC4-97E5-4A70-8508-456439ECEFE6}"
EndProject
Project("{2150E333-8FDC-42A3-9474-1A3956D46DE8}") = "Tsc", "Tsc", "{E05154EB-0EF4-4974-AFDC-DD196BF5A75F}"
EndProject
Project("{9A19103F-16F7-4668-BE54-9A1E7A4F7556}") = "Masa.BuildingBlocks.StackSdks.Tsc", "src\BuildingBlocks\Tsc\Masa.BuildingBlocks.StackSdk.Tsc\Masa.BuildingBlocks.StackSdks.Tsc.csproj", "{CCFFD660-72C1-4A0D-BA70-FE0714FC0537}"
EndProject
Project("{9A19103F-16F7-4668-BE54-9A1E7A4F7556}") = "Masa.Contrib.StackSdks.Dcc.Tests", "src\Contrib\Tests\Masa.Contrib.StackSdks.Dcc.Tests\Masa.Contrib.StackSdks.Dcc.Tests.csproj", "{9A80336D-8B54-4D8F-9AA3-314D0624ABB1}"
EndProject
Project("{9A19103F-16F7-4668-BE54-9A1E7A4F7556}") = "Masa.Contrib.StackSdks.Mc.Tests", "src\Contrib\Tests\Masa.Contrib.StackSdks.Mc.Tests\Masa.Contrib.StackSdks.Mc.Tests.csproj", "{57F819F4-B50A-4E99-BCB4-D9BABDFFEF4F}"
EndProject
Project("{9A19103F-16F7-4668-BE54-9A1E7A4F7556}") = "Masa.Contrib.StackSdks.Pm.Tests", "src\Contrib\Tests\Masa.Contrib.StackSdks.Pm.Tests\Masa.Contrib.StackSdks.Pm.Tests.csproj", "{639F796D-B15B-443A-8D86-20194466706F}"
EndProject
Project("{9A19103F-16F7-4668-BE54-9A1E7A4F7556}") = "Masa.BuildingBlocks.StackSdks.Tsc.Contracts", "src\BuildingBlocks\Tsc\Masa.BuildingBlocks.StackSdks.Tsc.Contracts\Masa.BuildingBlocks.StackSdks.Tsc.Contracts.csproj", "{3712E0BB-946E-43FC-8E38-4E42C24FBA50}"
EndProject
Project("{2150E333-8FDC-42A3-9474-1A3956D46DE8}") = "Contrib.Wasm", "Contrib.Wasm", "{5D651272-A474-467B-8FAD-FD92FE1295B8}"
EndProject
Project("{9A19103F-16F7-4668-BE54-9A1E7A4F7556}") = "Masa.Contrib.StackSdks.Config.Wasm", "src\Contrib.Wasm\Masa.Contrib.StackSdks.Config.Wasm\Masa.Contrib.StackSdks.Config.Wasm.csproj", "{7AD38D7B-2DE6-4BF9-B10C-3930B565327B}"
EndProject
Project("{9A19103F-16F7-4668-BE54-9A1E7A4F7556}") = "Masa.Contrib.StackSdks.Isolation.Wasm", "src\Contrib.Wasm\Masa.Contrib.StackSdks.Isolation.Wasm\Masa.Contrib.StackSdks.Isolation.Wasm.csproj", "{50F1B67A-CE97-4360-AAC6-348E87CF8CA1}"
EndProject
Project("{9A19103F-16F7-4668-BE54-9A1E7A4F7556}") = "Masa.Contrib.StackSdks.Caller.Wasm", "src\Contrib.Wasm\Masa.Contrib.StackSdks.Caller.Wasm\Masa.Contrib.StackSdks.Caller.Wasm.csproj", "{6EE36620-2A81-4DA5-A250-C83BC6AF461C}"
EndProject
Project("{9A19103F-16F7-4668-BE54-9A1E7A4F7556}") = "Masa.Contrib.StackSdks.Dcc.Wasm", "src\Contrib.Wasm\Masa.Contrib.StackSdks.Dcc.Wasm\Masa.Contrib.StackSdks.Dcc.Wasm.csproj", "{F03E359C-F86F-443F-971F-3A32BA3A75A2}"
EndProject
Project("{9A19103F-16F7-4668-BE54-9A1E7A4F7556}") = "Masa.Contrib.StackSdks.Auth.Wasm", "src\Contrib.Wasm\Masa.Contrib.StackSdks.Auth.Wasm\Masa.Contrib.StackSdks.Auth.Wasm.csproj", "{6C83F574-8B20-4D38-9356-DDF77326F4B4}"
EndProject
Project("{9A19103F-16F7-4668-BE54-9A1E7A4F7556}") = "Masa.Contrib.StackSdks.Pm.Wasm", "src\Contrib.Wasm\Masa.Contrib.StackSdks.Pm.Wasm\Masa.Contrib.StackSdks.Pm.Wasm.csproj", "{99DF687D-F549-4BDD-AD34-985C85DEC606}"
EndProject
Project("{9A19103F-16F7-4668-BE54-9A1E7A4F7556}") = "Masa.Contrib.StackSdks.Mc.Wasm", "src\Contrib.Wasm\Masa.Contrib.StackSdks.Mc.Wasm\Masa.Contrib.StackSdks.Mc.Wasm.csproj", "{676212A8-1094-451F-B7D6-1ABC15D6A67F}"
EndProject
Project("{9A19103F-16F7-4668-BE54-9A1E7A4F7556}") = "Masa.Contrib.StackSdks.Tsc.Wasm", "src\Contrib.Wasm\Masa.Contrib.StackSdks.Tsc.Wasm\Masa.Contrib.StackSdks.Tsc.Wasm.csproj", "{AA18CB28-898E-4E9D-9919-775AF574E9A1}"
EndProject
Project("{9A19103F-16F7-4668-BE54-9A1E7A4F7556}") = "Masa.BuildingBlocks.StackSdks.Base", "src\BuildingBlocks\Masa.BuildingBlocks.StackSdks.Base\Masa.BuildingBlocks.StackSdks.Base.csproj", "{F031FF57-5B4A-4464-83AE-FEDF11104D3F}"
EndProject
Global
	GlobalSection(SolutionConfigurationPlatforms) = preSolution
		Debug|Any CPU = Debug|Any CPU
		Release|Any CPU = Release|Any CPU
	EndGlobalSection
	GlobalSection(ProjectConfigurationPlatforms) = postSolution
		{CDF3C83D-B97F-4A96-B8C4-129F4E69B4A0}.Debug|Any CPU.ActiveCfg = Debug|Any CPU
		{CDF3C83D-B97F-4A96-B8C4-129F4E69B4A0}.Debug|Any CPU.Build.0 = Debug|Any CPU
		{CDF3C83D-B97F-4A96-B8C4-129F4E69B4A0}.Release|Any CPU.ActiveCfg = Release|Any CPU
		{CDF3C83D-B97F-4A96-B8C4-129F4E69B4A0}.Release|Any CPU.Build.0 = Release|Any CPU
		{B2CE41C9-5170-4128-9999-D5FE3D8BC328}.Debug|Any CPU.ActiveCfg = Debug|Any CPU
		{B2CE41C9-5170-4128-9999-D5FE3D8BC328}.Debug|Any CPU.Build.0 = Debug|Any CPU
		{B2CE41C9-5170-4128-9999-D5FE3D8BC328}.Release|Any CPU.ActiveCfg = Release|Any CPU
		{B2CE41C9-5170-4128-9999-D5FE3D8BC328}.Release|Any CPU.Build.0 = Release|Any CPU
		{AE552A8A-67B8-492F-BA49-5CD35FFB770B}.Debug|Any CPU.ActiveCfg = Debug|Any CPU
		{AE552A8A-67B8-492F-BA49-5CD35FFB770B}.Debug|Any CPU.Build.0 = Debug|Any CPU
		{AE552A8A-67B8-492F-BA49-5CD35FFB770B}.Release|Any CPU.ActiveCfg = Release|Any CPU
		{AE552A8A-67B8-492F-BA49-5CD35FFB770B}.Release|Any CPU.Build.0 = Release|Any CPU
		{0FFFF728-C48C-4602-AAE9-BEB1AF098170}.Debug|Any CPU.ActiveCfg = Debug|Any CPU
		{0FFFF728-C48C-4602-AAE9-BEB1AF098170}.Debug|Any CPU.Build.0 = Debug|Any CPU
		{0FFFF728-C48C-4602-AAE9-BEB1AF098170}.Release|Any CPU.ActiveCfg = Release|Any CPU
		{0FFFF728-C48C-4602-AAE9-BEB1AF098170}.Release|Any CPU.Build.0 = Release|Any CPU
		{2A72D97A-2CFF-4C4B-B884-666492413722}.Debug|Any CPU.ActiveCfg = Debug|Any CPU
		{2A72D97A-2CFF-4C4B-B884-666492413722}.Debug|Any CPU.Build.0 = Debug|Any CPU
		{2A72D97A-2CFF-4C4B-B884-666492413722}.Release|Any CPU.ActiveCfg = Release|Any CPU
		{2A72D97A-2CFF-4C4B-B884-666492413722}.Release|Any CPU.Build.0 = Release|Any CPU
		{8805ADB5-B208-4C30-93C6-6AB846E6F354}.Debug|Any CPU.ActiveCfg = Debug|Any CPU
		{8805ADB5-B208-4C30-93C6-6AB846E6F354}.Debug|Any CPU.Build.0 = Debug|Any CPU
		{8805ADB5-B208-4C30-93C6-6AB846E6F354}.Release|Any CPU.ActiveCfg = Release|Any CPU
		{8805ADB5-B208-4C30-93C6-6AB846E6F354}.Release|Any CPU.Build.0 = Release|Any CPU
		{D0EB0A47-CD57-4129-B5EC-ACA9FB4C2860}.Debug|Any CPU.ActiveCfg = Debug|Any CPU
		{D0EB0A47-CD57-4129-B5EC-ACA9FB4C2860}.Debug|Any CPU.Build.0 = Debug|Any CPU
		{D0EB0A47-CD57-4129-B5EC-ACA9FB4C2860}.Release|Any CPU.ActiveCfg = Release|Any CPU
		{D0EB0A47-CD57-4129-B5EC-ACA9FB4C2860}.Release|Any CPU.Build.0 = Release|Any CPU
		{2407B0B3-B14E-4FC3-80F0-F7694E93D777}.Debug|Any CPU.ActiveCfg = Debug|Any CPU
		{2407B0B3-B14E-4FC3-80F0-F7694E93D777}.Debug|Any CPU.Build.0 = Debug|Any CPU
		{2407B0B3-B14E-4FC3-80F0-F7694E93D777}.Release|Any CPU.ActiveCfg = Release|Any CPU
		{2407B0B3-B14E-4FC3-80F0-F7694E93D777}.Release|Any CPU.Build.0 = Release|Any CPU
		{77AE848A-3218-48D0-9204-372ADBD866E7}.Debug|Any CPU.ActiveCfg = Debug|Any CPU
		{77AE848A-3218-48D0-9204-372ADBD866E7}.Debug|Any CPU.Build.0 = Debug|Any CPU
		{77AE848A-3218-48D0-9204-372ADBD866E7}.Release|Any CPU.ActiveCfg = Release|Any CPU
		{77AE848A-3218-48D0-9204-372ADBD866E7}.Release|Any CPU.Build.0 = Release|Any CPU
		{8BC1CBDB-D31D-4DB7-8104-DEB8A15BFF72}.Debug|Any CPU.ActiveCfg = Debug|Any CPU
		{8BC1CBDB-D31D-4DB7-8104-DEB8A15BFF72}.Debug|Any CPU.Build.0 = Debug|Any CPU
		{8BC1CBDB-D31D-4DB7-8104-DEB8A15BFF72}.Release|Any CPU.ActiveCfg = Release|Any CPU
		{8BC1CBDB-D31D-4DB7-8104-DEB8A15BFF72}.Release|Any CPU.Build.0 = Release|Any CPU
		{C432A641-D3B5-45FF-A1C3-CA4BAE863381}.Debug|Any CPU.ActiveCfg = Debug|Any CPU
		{C432A641-D3B5-45FF-A1C3-CA4BAE863381}.Debug|Any CPU.Build.0 = Debug|Any CPU
		{C432A641-D3B5-45FF-A1C3-CA4BAE863381}.Release|Any CPU.ActiveCfg = Release|Any CPU
		{C432A641-D3B5-45FF-A1C3-CA4BAE863381}.Release|Any CPU.Build.0 = Release|Any CPU
		{9C5E5EE9-0164-4D07-93D1-184868AAF1AB}.Debug|Any CPU.ActiveCfg = Debug|Any CPU
		{9C5E5EE9-0164-4D07-93D1-184868AAF1AB}.Debug|Any CPU.Build.0 = Debug|Any CPU
		{9C5E5EE9-0164-4D07-93D1-184868AAF1AB}.Release|Any CPU.ActiveCfg = Release|Any CPU
		{9C5E5EE9-0164-4D07-93D1-184868AAF1AB}.Release|Any CPU.Build.0 = Release|Any CPU
		{09A8C2D1-CFCA-4F7D-B893-EDED9BDA0CC6}.Debug|Any CPU.ActiveCfg = Debug|Any CPU
		{09A8C2D1-CFCA-4F7D-B893-EDED9BDA0CC6}.Debug|Any CPU.Build.0 = Debug|Any CPU
		{09A8C2D1-CFCA-4F7D-B893-EDED9BDA0CC6}.Release|Any CPU.ActiveCfg = Release|Any CPU
		{09A8C2D1-CFCA-4F7D-B893-EDED9BDA0CC6}.Release|Any CPU.Build.0 = Release|Any CPU
		{E3B8A8B5-718E-4B89-A6DF-2ED03286A448}.Debug|Any CPU.ActiveCfg = Debug|Any CPU
		{E3B8A8B5-718E-4B89-A6DF-2ED03286A448}.Debug|Any CPU.Build.0 = Debug|Any CPU
		{E3B8A8B5-718E-4B89-A6DF-2ED03286A448}.Release|Any CPU.ActiveCfg = Release|Any CPU
		{E3B8A8B5-718E-4B89-A6DF-2ED03286A448}.Release|Any CPU.Build.0 = Release|Any CPU
		{3564B975-BF7D-4B0D-A7DB-81EE6870DEB6}.Debug|Any CPU.ActiveCfg = Debug|Any CPU
		{3564B975-BF7D-4B0D-A7DB-81EE6870DEB6}.Debug|Any CPU.Build.0 = Debug|Any CPU
		{3564B975-BF7D-4B0D-A7DB-81EE6870DEB6}.Release|Any CPU.ActiveCfg = Release|Any CPU
		{3564B975-BF7D-4B0D-A7DB-81EE6870DEB6}.Release|Any CPU.Build.0 = Release|Any CPU
		{ABD40E12-8CCA-4B04-A896-37827E4501BA}.Debug|Any CPU.ActiveCfg = Debug|Any CPU
		{ABD40E12-8CCA-4B04-A896-37827E4501BA}.Debug|Any CPU.Build.0 = Debug|Any CPU
		{ABD40E12-8CCA-4B04-A896-37827E4501BA}.Release|Any CPU.ActiveCfg = Release|Any CPU
		{ABD40E12-8CCA-4B04-A896-37827E4501BA}.Release|Any CPU.Build.0 = Release|Any CPU
		{127EB4C5-7E70-4576-A4FB-707B13D5B8DC}.Debug|Any CPU.ActiveCfg = Debug|Any CPU
		{127EB4C5-7E70-4576-A4FB-707B13D5B8DC}.Debug|Any CPU.Build.0 = Debug|Any CPU
		{127EB4C5-7E70-4576-A4FB-707B13D5B8DC}.Release|Any CPU.ActiveCfg = Release|Any CPU
		{127EB4C5-7E70-4576-A4FB-707B13D5B8DC}.Release|Any CPU.Build.0 = Release|Any CPU
		{D4E6F50A-75C5-47DE-9E08-A67C821E2336}.Debug|Any CPU.ActiveCfg = Debug|Any CPU
		{D4E6F50A-75C5-47DE-9E08-A67C821E2336}.Debug|Any CPU.Build.0 = Debug|Any CPU
		{D4E6F50A-75C5-47DE-9E08-A67C821E2336}.Release|Any CPU.ActiveCfg = Release|Any CPU
		{D4E6F50A-75C5-47DE-9E08-A67C821E2336}.Release|Any CPU.Build.0 = Release|Any CPU
		{3B68B458-E274-42EB-9EE8-5FDCF8015051}.Debug|Any CPU.ActiveCfg = Debug|Any CPU
		{3B68B458-E274-42EB-9EE8-5FDCF8015051}.Debug|Any CPU.Build.0 = Debug|Any CPU
		{3B68B458-E274-42EB-9EE8-5FDCF8015051}.Release|Any CPU.ActiveCfg = Release|Any CPU
		{3B68B458-E274-42EB-9EE8-5FDCF8015051}.Release|Any CPU.Build.0 = Release|Any CPU
		{20CC881F-C966-414B-B1AC-4D3F2F20B514}.Debug|Any CPU.ActiveCfg = Debug|Any CPU
		{20CC881F-C966-414B-B1AC-4D3F2F20B514}.Debug|Any CPU.Build.0 = Debug|Any CPU
		{20CC881F-C966-414B-B1AC-4D3F2F20B514}.Release|Any CPU.ActiveCfg = Release|Any CPU
		{20CC881F-C966-414B-B1AC-4D3F2F20B514}.Release|Any CPU.Build.0 = Release|Any CPU
		{F83D3146-535F-443C-8EB5-654889642E8B}.Debug|Any CPU.ActiveCfg = Debug|Any CPU
		{F83D3146-535F-443C-8EB5-654889642E8B}.Debug|Any CPU.Build.0 = Debug|Any CPU
		{F83D3146-535F-443C-8EB5-654889642E8B}.Release|Any CPU.ActiveCfg = Release|Any CPU
		{F83D3146-535F-443C-8EB5-654889642E8B}.Release|Any CPU.Build.0 = Release|Any CPU
		{6199BAEB-E65A-4252-AE97-B4C3BC26308A}.Debug|Any CPU.ActiveCfg = Debug|Any CPU
		{6199BAEB-E65A-4252-AE97-B4C3BC26308A}.Debug|Any CPU.Build.0 = Debug|Any CPU
		{6199BAEB-E65A-4252-AE97-B4C3BC26308A}.Release|Any CPU.ActiveCfg = Release|Any CPU
		{6199BAEB-E65A-4252-AE97-B4C3BC26308A}.Release|Any CPU.Build.0 = Release|Any CPU
		{91FBAE48-A423-48AA-BB85-8BAF0950788A}.Debug|Any CPU.ActiveCfg = Debug|Any CPU
		{91FBAE48-A423-48AA-BB85-8BAF0950788A}.Debug|Any CPU.Build.0 = Debug|Any CPU
		{91FBAE48-A423-48AA-BB85-8BAF0950788A}.Release|Any CPU.ActiveCfg = Release|Any CPU
		{91FBAE48-A423-48AA-BB85-8BAF0950788A}.Release|Any CPU.Build.0 = Release|Any CPU
		{2595401A-A372-419F-AFE2-588487286F5F}.Debug|Any CPU.ActiveCfg = Debug|Any CPU
		{2595401A-A372-419F-AFE2-588487286F5F}.Debug|Any CPU.Build.0 = Debug|Any CPU
		{2595401A-A372-419F-AFE2-588487286F5F}.Release|Any CPU.ActiveCfg = Release|Any CPU
		{2595401A-A372-419F-AFE2-588487286F5F}.Release|Any CPU.Build.0 = Release|Any CPU
		{3358DAB2-1250-4884-B725-73F0A88D495D}.Debug|Any CPU.ActiveCfg = Debug|Any CPU
		{3358DAB2-1250-4884-B725-73F0A88D495D}.Debug|Any CPU.Build.0 = Debug|Any CPU
		{3358DAB2-1250-4884-B725-73F0A88D495D}.Release|Any CPU.ActiveCfg = Release|Any CPU
		{3358DAB2-1250-4884-B725-73F0A88D495D}.Release|Any CPU.Build.0 = Release|Any CPU
		{CAEBFEB5-AFAE-40AA-99E3-F1D93936DFA3}.Debug|Any CPU.ActiveCfg = Debug|Any CPU
		{CAEBFEB5-AFAE-40AA-99E3-F1D93936DFA3}.Debug|Any CPU.Build.0 = Debug|Any CPU
		{CAEBFEB5-AFAE-40AA-99E3-F1D93936DFA3}.Release|Any CPU.ActiveCfg = Release|Any CPU
		{CAEBFEB5-AFAE-40AA-99E3-F1D93936DFA3}.Release|Any CPU.Build.0 = Release|Any CPU
		{D187FCE9-3C04-4CFF-BB7C-ECADB8E490F9}.Debug|Any CPU.ActiveCfg = Debug|Any CPU
		{D187FCE9-3C04-4CFF-BB7C-ECADB8E490F9}.Debug|Any CPU.Build.0 = Debug|Any CPU
		{D187FCE9-3C04-4CFF-BB7C-ECADB8E490F9}.Release|Any CPU.ActiveCfg = Release|Any CPU
		{D187FCE9-3C04-4CFF-BB7C-ECADB8E490F9}.Release|Any CPU.Build.0 = Release|Any CPU
		{57E06FB9-07CE-48A4-84B9-3954EA0135FC}.Debug|Any CPU.ActiveCfg = Debug|Any CPU
		{57E06FB9-07CE-48A4-84B9-3954EA0135FC}.Debug|Any CPU.Build.0 = Debug|Any CPU
		{57E06FB9-07CE-48A4-84B9-3954EA0135FC}.Release|Any CPU.ActiveCfg = Release|Any CPU
		{57E06FB9-07CE-48A4-84B9-3954EA0135FC}.Release|Any CPU.Build.0 = Release|Any CPU
		{8719A687-1730-4AC8-A8B2-4849CD148743}.Debug|Any CPU.ActiveCfg = Debug|Any CPU
		{8719A687-1730-4AC8-A8B2-4849CD148743}.Debug|Any CPU.Build.0 = Debug|Any CPU
		{8719A687-1730-4AC8-A8B2-4849CD148743}.Release|Any CPU.ActiveCfg = Release|Any CPU
		{8719A687-1730-4AC8-A8B2-4849CD148743}.Release|Any CPU.Build.0 = Release|Any CPU
		{2931EDC4-97E5-4A70-8508-456439ECEFE6}.Debug|Any CPU.ActiveCfg = Debug|Any CPU
		{2931EDC4-97E5-4A70-8508-456439ECEFE6}.Debug|Any CPU.Build.0 = Debug|Any CPU
		{2931EDC4-97E5-4A70-8508-456439ECEFE6}.Release|Any CPU.ActiveCfg = Release|Any CPU
		{2931EDC4-97E5-4A70-8508-456439ECEFE6}.Release|Any CPU.Build.0 = Release|Any CPU
		{CCFFD660-72C1-4A0D-BA70-FE0714FC0537}.Debug|Any CPU.ActiveCfg = Debug|Any CPU
		{CCFFD660-72C1-4A0D-BA70-FE0714FC0537}.Debug|Any CPU.Build.0 = Debug|Any CPU
		{CCFFD660-72C1-4A0D-BA70-FE0714FC0537}.Release|Any CPU.ActiveCfg = Release|Any CPU
		{CCFFD660-72C1-4A0D-BA70-FE0714FC0537}.Release|Any CPU.Build.0 = Release|Any CPU
		{9A80336D-8B54-4D8F-9AA3-314D0624ABB1}.Debug|Any CPU.ActiveCfg = Debug|Any CPU
		{9A80336D-8B54-4D8F-9AA3-314D0624ABB1}.Debug|Any CPU.Build.0 = Debug|Any CPU
		{9A80336D-8B54-4D8F-9AA3-314D0624ABB1}.Release|Any CPU.ActiveCfg = Release|Any CPU
		{9A80336D-8B54-4D8F-9AA3-314D0624ABB1}.Release|Any CPU.Build.0 = Release|Any CPU
		{57F819F4-B50A-4E99-BCB4-D9BABDFFEF4F}.Debug|Any CPU.ActiveCfg = Debug|Any CPU
		{57F819F4-B50A-4E99-BCB4-D9BABDFFEF4F}.Debug|Any CPU.Build.0 = Debug|Any CPU
		{57F819F4-B50A-4E99-BCB4-D9BABDFFEF4F}.Release|Any CPU.ActiveCfg = Release|Any CPU
		{57F819F4-B50A-4E99-BCB4-D9BABDFFEF4F}.Release|Any CPU.Build.0 = Release|Any CPU
		{639F796D-B15B-443A-8D86-20194466706F}.Debug|Any CPU.ActiveCfg = Debug|Any CPU
		{639F796D-B15B-443A-8D86-20194466706F}.Debug|Any CPU.Build.0 = Debug|Any CPU
		{639F796D-B15B-443A-8D86-20194466706F}.Release|Any CPU.ActiveCfg = Release|Any CPU
		{639F796D-B15B-443A-8D86-20194466706F}.Release|Any CPU.Build.0 = Release|Any CPU
		{3712E0BB-946E-43FC-8E38-4E42C24FBA50}.Debug|Any CPU.ActiveCfg = Debug|Any CPU
		{3712E0BB-946E-43FC-8E38-4E42C24FBA50}.Debug|Any CPU.Build.0 = Debug|Any CPU
		{3712E0BB-946E-43FC-8E38-4E42C24FBA50}.Release|Any CPU.ActiveCfg = Release|Any CPU
		{3712E0BB-946E-43FC-8E38-4E42C24FBA50}.Release|Any CPU.Build.0 = Release|Any CPU
		{7AD38D7B-2DE6-4BF9-B10C-3930B565327B}.Debug|Any CPU.ActiveCfg = Debug|Any CPU
		{7AD38D7B-2DE6-4BF9-B10C-3930B565327B}.Debug|Any CPU.Build.0 = Debug|Any CPU
		{7AD38D7B-2DE6-4BF9-B10C-3930B565327B}.Release|Any CPU.ActiveCfg = Release|Any CPU
		{7AD38D7B-2DE6-4BF9-B10C-3930B565327B}.Release|Any CPU.Build.0 = Release|Any CPU
		{50F1B67A-CE97-4360-AAC6-348E87CF8CA1}.Debug|Any CPU.ActiveCfg = Debug|Any CPU
		{50F1B67A-CE97-4360-AAC6-348E87CF8CA1}.Debug|Any CPU.Build.0 = Debug|Any CPU
		{50F1B67A-CE97-4360-AAC6-348E87CF8CA1}.Release|Any CPU.ActiveCfg = Release|Any CPU
		{50F1B67A-CE97-4360-AAC6-348E87CF8CA1}.Release|Any CPU.Build.0 = Release|Any CPU
		{6EE36620-2A81-4DA5-A250-C83BC6AF461C}.Debug|Any CPU.ActiveCfg = Debug|Any CPU
		{6EE36620-2A81-4DA5-A250-C83BC6AF461C}.Debug|Any CPU.Build.0 = Debug|Any CPU
		{6EE36620-2A81-4DA5-A250-C83BC6AF461C}.Release|Any CPU.ActiveCfg = Release|Any CPU
		{6EE36620-2A81-4DA5-A250-C83BC6AF461C}.Release|Any CPU.Build.0 = Release|Any CPU
		{F03E359C-F86F-443F-971F-3A32BA3A75A2}.Debug|Any CPU.ActiveCfg = Debug|Any CPU
		{F03E359C-F86F-443F-971F-3A32BA3A75A2}.Debug|Any CPU.Build.0 = Debug|Any CPU
		{F03E359C-F86F-443F-971F-3A32BA3A75A2}.Release|Any CPU.ActiveCfg = Release|Any CPU
		{F03E359C-F86F-443F-971F-3A32BA3A75A2}.Release|Any CPU.Build.0 = Release|Any CPU
		{6C83F574-8B20-4D38-9356-DDF77326F4B4}.Debug|Any CPU.ActiveCfg = Debug|Any CPU
		{6C83F574-8B20-4D38-9356-DDF77326F4B4}.Debug|Any CPU.Build.0 = Debug|Any CPU
		{6C83F574-8B20-4D38-9356-DDF77326F4B4}.Release|Any CPU.ActiveCfg = Release|Any CPU
		{6C83F574-8B20-4D38-9356-DDF77326F4B4}.Release|Any CPU.Build.0 = Release|Any CPU
		{99DF687D-F549-4BDD-AD34-985C85DEC606}.Debug|Any CPU.ActiveCfg = Debug|Any CPU
		{99DF687D-F549-4BDD-AD34-985C85DEC606}.Debug|Any CPU.Build.0 = Debug|Any CPU
		{99DF687D-F549-4BDD-AD34-985C85DEC606}.Release|Any CPU.ActiveCfg = Release|Any CPU
		{99DF687D-F549-4BDD-AD34-985C85DEC606}.Release|Any CPU.Build.0 = Release|Any CPU
		{676212A8-1094-451F-B7D6-1ABC15D6A67F}.Debug|Any CPU.ActiveCfg = Debug|Any CPU
		{676212A8-1094-451F-B7D6-1ABC15D6A67F}.Debug|Any CPU.Build.0 = Debug|Any CPU
		{676212A8-1094-451F-B7D6-1ABC15D6A67F}.Release|Any CPU.ActiveCfg = Release|Any CPU
		{676212A8-1094-451F-B7D6-1ABC15D6A67F}.Release|Any CPU.Build.0 = Release|Any CPU
		{AA18CB28-898E-4E9D-9919-775AF574E9A1}.Debug|Any CPU.ActiveCfg = Debug|Any CPU
		{AA18CB28-898E-4E9D-9919-775AF574E9A1}.Debug|Any CPU.Build.0 = Debug|Any CPU
		{AA18CB28-898E-4E9D-9919-775AF574E9A1}.Release|Any CPU.ActiveCfg = Release|Any CPU
		{AA18CB28-898E-4E9D-9919-775AF574E9A1}.Release|Any CPU.Build.0 = Release|Any CPU
		{F031FF57-5B4A-4464-83AE-FEDF11104D3F}.Debug|Any CPU.ActiveCfg = Debug|Any CPU
		{F031FF57-5B4A-4464-83AE-FEDF11104D3F}.Debug|Any CPU.Build.0 = Debug|Any CPU
		{F031FF57-5B4A-4464-83AE-FEDF11104D3F}.Release|Any CPU.ActiveCfg = Release|Any CPU
		{F031FF57-5B4A-4464-83AE-FEDF11104D3F}.Release|Any CPU.Build.0 = Release|Any CPU
	EndGlobalSection
	GlobalSection(SolutionProperties) = preSolution
		HideSolutionNode = FALSE
	EndGlobalSection
	GlobalSection(NestedProjects) = preSolution
		{CDF3C83D-B97F-4A96-B8C4-129F4E69B4A0} = {D0B4748D-C710-4311-A491-45C03136F375}
		{B2CE41C9-5170-4128-9999-D5FE3D8BC328} = {D0B4748D-C710-4311-A491-45C03136F375}
		{AE552A8A-67B8-492F-BA49-5CD35FFB770B} = {D0B4748D-C710-4311-A491-45C03136F375}
		{0FFFF728-C48C-4602-AAE9-BEB1AF098170} = {D0B4748D-C710-4311-A491-45C03136F375}
		{2A72D97A-2CFF-4C4B-B884-666492413722} = {D0B4748D-C710-4311-A491-45C03136F375}
		{8805ADB5-B208-4C30-93C6-6AB846E6F354} = {D0B4748D-C710-4311-A491-45C03136F375}
		{D0EB0A47-CD57-4129-B5EC-ACA9FB4C2860} = {D0B4748D-C710-4311-A491-45C03136F375}
		{2407B0B3-B14E-4FC3-80F0-F7694E93D777} = {D0B4748D-C710-4311-A491-45C03136F375}
		{77AE848A-3218-48D0-9204-372ADBD866E7} = {D0B4748D-C710-4311-A491-45C03136F375}
		{8BC1CBDB-D31D-4DB7-8104-DEB8A15BFF72} = {D0B4748D-C710-4311-A491-45C03136F375}
		{C432A641-D3B5-45FF-A1C3-CA4BAE863381} = {D0B4748D-C710-4311-A491-45C03136F375}
		{9C5E5EE9-0164-4D07-93D1-184868AAF1AB} = {D0B4748D-C710-4311-A491-45C03136F375}
		{E9F8566C-353D-4B97-98AE-ED0A0D3D00DF} = {D0B4748D-C710-4311-A491-45C03136F375}
		{09A8C2D1-CFCA-4F7D-B893-EDED9BDA0CC6} = {E9F8566C-353D-4B97-98AE-ED0A0D3D00DF}
		{E3B8A8B5-718E-4B89-A6DF-2ED03286A448} = {E9F8566C-353D-4B97-98AE-ED0A0D3D00DF}
		{3564B975-BF7D-4B0D-A7DB-81EE6870DEB6} = {E9F8566C-353D-4B97-98AE-ED0A0D3D00DF}
		{ABD40E12-8CCA-4B04-A896-37827E4501BA} = {E9F8566C-353D-4B97-98AE-ED0A0D3D00DF}
		{127EB4C5-7E70-4576-A4FB-707B13D5B8DC} = {E9F8566C-353D-4B97-98AE-ED0A0D3D00DF}
		{D4E6F50A-75C5-47DE-9E08-A67C821E2336} = {E9F8566C-353D-4B97-98AE-ED0A0D3D00DF}
		{3B68B458-E274-42EB-9EE8-5FDCF8015051} = {E9F8566C-353D-4B97-98AE-ED0A0D3D00DF}
		{CF02987E-1244-4597-9B0D-0971BF9833B2} = {66AAB813-41F7-473D-8A05-4A71F3CA9EC0}
		{D0B4748D-C710-4311-A491-45C03136F375} = {66AAB813-41F7-473D-8A05-4A71F3CA9EC0}
		{20CC881F-C966-414B-B1AC-4D3F2F20B514} = {CF02987E-1244-4597-9B0D-0971BF9833B2}
		{F83D3146-535F-443C-8EB5-654889642E8B} = {CF02987E-1244-4597-9B0D-0971BF9833B2}
		{6199BAEB-E65A-4252-AE97-B4C3BC26308A} = {CF02987E-1244-4597-9B0D-0971BF9833B2}
		{91FBAE48-A423-48AA-BB85-8BAF0950788A} = {CF02987E-1244-4597-9B0D-0971BF9833B2}
		{2595401A-A372-419F-AFE2-588487286F5F} = {CF02987E-1244-4597-9B0D-0971BF9833B2}
		{3358DAB2-1250-4884-B725-73F0A88D495D} = {CF02987E-1244-4597-9B0D-0971BF9833B2}
		{CAEBFEB5-AFAE-40AA-99E3-F1D93936DFA3} = {CF02987E-1244-4597-9B0D-0971BF9833B2}
		{0DA9F930-BFCA-4571-96CB-30FB8BDBF63B} = {CF02987E-1244-4597-9B0D-0971BF9833B2}
		{52EF4D22-85C6-4943-A3ED-C6BA669B5D55} = {CF02987E-1244-4597-9B0D-0971BF9833B2}
		{D187FCE9-3C04-4CFF-BB7C-ECADB8E490F9} = {0DA9F930-BFCA-4571-96CB-30FB8BDBF63B}
		{57E06FB9-07CE-48A4-84B9-3954EA0135FC} = {0DA9F930-BFCA-4571-96CB-30FB8BDBF63B}
		{8719A687-1730-4AC8-A8B2-4849CD148743} = {52EF4D22-85C6-4943-A3ED-C6BA669B5D55}
		{2931EDC4-97E5-4A70-8508-456439ECEFE6} = {52EF4D22-85C6-4943-A3ED-C6BA669B5D55}
		{E05154EB-0EF4-4974-AFDC-DD196BF5A75F} = {CF02987E-1244-4597-9B0D-0971BF9833B2}
		{CCFFD660-72C1-4A0D-BA70-FE0714FC0537} = {E05154EB-0EF4-4974-AFDC-DD196BF5A75F}
		{9A80336D-8B54-4D8F-9AA3-314D0624ABB1} = {E9F8566C-353D-4B97-98AE-ED0A0D3D00DF}
		{57F819F4-B50A-4E99-BCB4-D9BABDFFEF4F} = {E9F8566C-353D-4B97-98AE-ED0A0D3D00DF}
		{639F796D-B15B-443A-8D86-20194466706F} = {E9F8566C-353D-4B97-98AE-ED0A0D3D00DF}
		{3712E0BB-946E-43FC-8E38-4E42C24FBA50} = {E05154EB-0EF4-4974-AFDC-DD196BF5A75F}
		{5D651272-A474-467B-8FAD-FD92FE1295B8} = {66AAB813-41F7-473D-8A05-4A71F3CA9EC0}
		{7AD38D7B-2DE6-4BF9-B10C-3930B565327B} = {5D651272-A474-467B-8FAD-FD92FE1295B8}
		{50F1B67A-CE97-4360-AAC6-348E87CF8CA1} = {5D651272-A474-467B-8FAD-FD92FE1295B8}
		{6EE36620-2A81-4DA5-A250-C83BC6AF461C} = {5D651272-A474-467B-8FAD-FD92FE1295B8}
		{F03E359C-F86F-443F-971F-3A32BA3A75A2} = {5D651272-A474-467B-8FAD-FD92FE1295B8}
		{6C83F574-8B20-4D38-9356-DDF77326F4B4} = {5D651272-A474-467B-8FAD-FD92FE1295B8}
		{99DF687D-F549-4BDD-AD34-985C85DEC606} = {5D651272-A474-467B-8FAD-FD92FE1295B8}
		{676212A8-1094-451F-B7D6-1ABC15D6A67F} = {5D651272-A474-467B-8FAD-FD92FE1295B8}
		{AA18CB28-898E-4E9D-9919-775AF574E9A1} = {5D651272-A474-467B-8FAD-FD92FE1295B8}
		{F031FF57-5B4A-4464-83AE-FEDF11104D3F} = {5D651272-A474-467B-8FAD-FD92FE1295B8}
	EndGlobalSection
	GlobalSection(ExtensibilityGlobals) = postSolution
		SolutionGuid = {1862131E-457D-4C94-A57A-7396FF26EF9D}
	EndGlobalSection
EndGlobal
